# This file is autogenerated, do not edit; changes may be undone by the next 'dep ensure'.


[[projects]]
  branch = "master"
  name = "github.com/goburrow/modbus"
  packages = ["."]
  revision = "0d0a427beb37599ff34f8d74617af5ac403e9700"

[[projects]]
  name = "github.com/goburrow/serial"
  packages = ["."]
  revision = "d490ecc9d6a1cbca2d67306da4d9f5fb734ba5af"

[[projects]]
  name = "github.com/pkg/errors"
  packages = ["."]
  revision = "645ef00459ed84a119197bfb8d8205042c6df63d"
  version = "v0.8.0"

[[projects]]
  name = "github.com/sirupsen/logrus"
  packages = ["."]
  revision = "c155da19408a8799da419ed3eeb0cb5db0ad5dbc"
  version = "v1.0.5"

[[projects]]
  branch = "master"
  name = "github.com/tjgq/broadcast"
  packages = ["."]
  revision = "9d7fb01523c6d29b895c47a49c0733f938fb54e4"

[[projects]]
  branch = "master"
  name = "golang.org/x/crypto"
  packages = ["ssh/terminal"]
  revision = "4ec37c66abab2c7e02ae775328b2ff001c3f025a"

[[projects]]
  branch = "master"
  name = "golang.org/x/sys"
  packages = [
    "unix",
    "windows"
  ]
  revision = "6f686a352de66814cdd080d970febae7767857a3"

[[projects]]
  name = "gopkg.in/yaml.v2"
  packages = ["."]
  revision = "eb3733d160e74a9c7e442f435eb3bea458e1d19f"

[solve-meta]
  analyzer-name = "dep"
  analyzer-version = 1
  inputs-digest = "bcb2c09fbd7577e56258b8e636dd6f026f2523f9a1abe3c3b4cb69842d2ac2f7"
  solver-name = "gps-cdcl"
  solver-version = 1
